<?xml version="1.0" encoding="utf-8"?>
<Project ToolsVersion="4.0" xmlns="http://schemas.microsoft.com/developer/msbuild/2003">
  <ItemGroup>
    <Filter Include="Source Files">
      <UniqueIdentifier>{4FC737F1-C7A5-4376-A066-2A32D752A2FF}</UniqueIdentifier>
      <Extensions>cpp;c;cc;cxx;def;odl;idl;hpj;bat;asm;asmx</Extensions>
    </Filter>
    <Filter Include="Header Files">
      <UniqueIdentifier>{93995380-89BD-4b04-88EB-625FBE52EBFB}</UniqueIdentifier>
      <Extensions>h;hh;hpp;hxx;hm;inl;inc;ipp;xsd</Extensions>
    </Filter>
    <Filter Include="Resource Files">
      <UniqueIdentifier>{67DA6AB6-F800-4c08-8B7A-83BB121AAD01}</UniqueIdentifier>
      <Extensions>rc;ico;cur;bmp;dlg;rc2;rct;bin;rgs;gif;jpg;jpeg;jpe;resx;tiff;tif;png;wav;mfcribbon-ms</Extensions>
    </Filter>
    <Filter Include="Source Files\Creature">
      <UniqueIdentifier>{b398bf57-40be-4d97-8d65-a0cb28228c1e}</UniqueIdentifier>
    </Filter>
    <Filter Include="Header Files\Creature">
      <UniqueIdentifier>{ea54710e-b480-4734-8c2c-901e6ca74de6}</UniqueIdentifier>
    </Filter>
    <Filter Include="Header Files\Magic">
      <UniqueIdentifier>{481bfe50-c3e6-4434-8f29-956f64970d6c}</UniqueIdentifier>
    </Filter>
    <Filter Include="Source Files\Magic">
      <UniqueIdentifier>{c8b300a8-737a-4446-8730-b5dadb9ec9e1}</UniqueIdentifier>
    </Filter>
    <Filter Include="Source Files\Secret">
      <UniqueIdentifier>{f9bb99e6-c4c9-4edc-b552-fab9a59c89dd}</UniqueIdentifier>
    </Filter>
    <Filter Include="Header Files\Secret">
      <UniqueIdentifier>{7d53987f-307b-42c5-afcf-e656faa2f3ee}</UniqueIdentifier>
    </Filter>
  </ItemGroup>
  <ItemGroup>
    <ClCompile Include="main.cpp">
      <Filter>Source Files</Filter>
    </ClCompile>
    <ClCompile Include="stdafx.cpp">
      <Filter>Source Files</Filter>
    </ClCompile>
    <ClCompile Include="Card.cpp">
      <Filter>Source Files</Filter>
    </ClCompile>
    <ClCompile Include="Creature.cpp">
      <Filter>Source Files</Filter>
    </ClCompile>
    <ClCompile Include="Magic.cpp">
      <Filter>Source Files</Filter>
    </ClCompile>
    <ClCompile Include="BattleField.cpp">
      <Filter>Source Files</Filter>
    </ClCompile>
    <ClCompile Include="GameManage.cpp">
      <Filter>Source Files</Filter>
    </ClCompile>
    <ClCompile Include="IObserver.cpp">
      <Filter>Source Files</Filter>
    </ClCompile>
    <ClCompile Include="AldorPeaceKeeper.cpp">
      <Filter>Source Files\Creature</Filter>
    </ClCompile>
    <ClCompile Include="Argent_Protecter.cpp">
      <Filter>Source Files\Creature</Filter>
    </ClCompile>
    <ClCompile Include="Bronze_Broodmother.cpp">
      <Filter>Source Files\Creature</Filter>
    </ClCompile>
    <ClCompile Include="Guardian_Of_Kings.cpp">
      <Filter>Source Files\Creature</Filter>
    </ClCompile>
    <ClCompile Include="Tirion_Fordring.cpp">
      <Filter>Source Files\Creature</Filter>
    </ClCompile>
    <ClCompile Include="Weapon.cpp">
      <Filter>Source Files</Filter>
    </ClCompile>
    <ClCompile Include="Hero.cpp">
      <Filter>Source Files</Filter>
    </ClCompile>
    <ClCompile Include="Secret.cpp">
      <Filter>Source Files</Filter>
    </ClCompile>
    <ClCompile Include="Humility.cpp">
      <Filter>Source Files\Magic</Filter>
    </ClCompile>
    <ClCompile Include="Hand_Of_Salvation.cpp">
      <Filter>Source Files\Secret</Filter>
    </ClCompile>
    <ClCompile Include="Redemption.cpp">
      <Filter>Source Files\Secret</Filter>
    </ClCompile>
    <ClCompile Include="Noble_Sacrifice.cpp">
      <Filter>Source Files\Secret</Filter>
    </ClCompile>
    <ClCompile Include="Eye_For_An_Eye.cpp">
      <Filter>Source Files\Secret</Filter>
    </ClCompile>
    <ClCompile Include="Hand_Of_Protection.cpp">
      <Filter>Source Files\Magic</Filter>
    </ClCompile>
    <ClCompile Include="Holy_Light.cpp">
      <Filter>Source Files\Magic</Filter>
    </ClCompile>
    <ClCompile Include="Lay_On_Hands.cpp">
      <Filter>Source Files\Magic</Filter>
    </ClCompile>
    <ClCompile Include="Holy_Wrath.cpp">
      <Filter>Source Files\Magic</Filter>
    </ClCompile>
    <ClCompile Include="Blessing_Of_Aeons.cpp">
      <Filter>Source Files\Magic</Filter>
    </ClCompile>
    <ClCompile Include="Consecration.cpp">
      <Filter>Source Files\Magic</Filter>
    </ClCompile>
    <ClCompile Include="Repentance.cpp">
      <Filter>Source Files\Secret</Filter>
    </ClCompile>
    <ClCompile Include="Avenging_Wrath.cpp">
      <Filter>Source Files\Magic</Filter>
    </ClCompile>
    <ClCompile Include="Blessing_Of_Kings.cpp">
      <Filter>Source Files\Magic</Filter>
    </ClCompile>
    <ClCompile Include="Blessing_Of_Wisdorn.cpp">
      <Filter>Source Files\Magic</Filter>
    </ClCompile>
    <ClCompile Include="Righteousness.cpp">
      <Filter>Source Files\Magic</Filter>
    </ClCompile>
    <ClCompile Include="Hammer_Of_Wrath.cpp">
      <Filter>Source Files</Filter>
    </ClCompile>
    <ClCompile Include="Blessed_Champion.cpp">
      <Filter>Source Files</Filter>
    </ClCompile>
    <ClCompile Include="Equality.cpp">
      <Filter>Source Files</Filter>
    </ClCompile>
    <ClCompile Include="Blessing_Of_Might.cpp">
      <Filter>Source Files</Filter>
    </ClCompile>
    <ClCompile Include="Lights_Justice.cpp">
      <Filter>Source Files</Filter>
    </ClCompile>
    <ClCompile Include="Truesilver_Champion.cpp">
      <Filter>Source Files</Filter>
    </ClCompile>
  </ItemGroup>
  <ItemGroup>
    <ClInclude Include="stdafx.h">
      <Filter>Header Files</Filter>
    </ClInclude>
    <ClInclude Include="Card.h">
      <Filter>Header Files</Filter>
    </ClInclude>
    <ClInclude Include="Creature.h">
      <Filter>Header Files</Filter>
    </ClInclude>
    <ClInclude Include="Magic.h">
      <Filter>Header Files</Filter>
    </ClInclude>
    <ClInclude Include="BattleField.h">
      <Filter>Header Files</Filter>
    </ClInclude>
    <ClInclude Include="GameManage.h">
      <Filter>Header Files</Filter>
    </ClInclude>
    <ClInclude Include="IObserver.h">
      <Filter>Header Files</Filter>
    </ClInclude>
    <ClInclude Include="AldorPeaceKeeper.h">
      <Filter>Header Files\Creature</Filter>
    </ClInclude>
    <ClInclude Include="Argent_Protecter.h">
      <Filter>Header Files\Creature</Filter>
    </ClInclude>
    <ClInclude Include="Bronze_Broodmother.h">
      <Filter>Header Files\Creature</Filter>
    </ClInclude>
    <ClInclude Include="Guardian_Of_Kings.h">
      <Filter>Header Files\Creature</Filter>
    </ClInclude>
    <ClInclude Include="Tirion_Fordring.h">
      <Filter>Header Files\Creature</Filter>
    </ClInclude>
    <ClInclude Include="Weapon.h">
      <Filter>Header Files</Filter>
    </ClInclude>
    <ClInclude Include="Hero.h">
      <Filter>Header Files</Filter>
    </ClInclude>
    <ClInclude Include="Secret.h">
      <Filter>Header Files</Filter>
    </ClInclude>
    <ClInclude Include="Humility.h">
      <Filter>Header Files\Magic</Filter>
    </ClInclude>
    <ClInclude Include="Redemption.h">
      <Filter>Header Files\Secret</Filter>
    </ClInclude>
    <ClInclude Include="Noble_Sacrifice.h">
      <Filter>Header Files\Secret</Filter>
    </ClInclude>
    <ClInclude Include="Hand_Of_Salvation.h">
      <Filter>Header Files\Secret</Filter>
    </ClInclude>
    <ClInclude Include="Eye_For_An_Eye.h">
      <Filter>Header Files\Secret</Filter>
    </ClInclude>
    <ClInclude Include="Hand_Of_Protection.h">
      <Filter>Header Files\Magic</Filter>
    </ClInclude>
    <ClInclude Include="Holy_Light.h">
      <Filter>Header Files\Magic</Filter>
    </ClInclude>
    <ClInclude Include="Blessing_Of_Aeons.h">
      <Filter>Header Files\Magic</Filter>
    </ClInclude>
    <ClInclude Include="Consecration.h">
      <Filter>Header Files\Magic</Filter>
    </ClInclude>
    <ClInclude Include="Holy_Wrath.h">
      <Filter>Header Files\Magic</Filter>
    </ClInclude>
    <ClInclude Include="Lay_On_Hands.h">
      <Filter>Header Files\Magic</Filter>
    </ClInclude>
    <ClInclude Include="Repentance.h">
      <Filter>Header Files\Secret</Filter>
    </ClInclude>
    <ClInclude Include="Avenging_Wrath.h">
      <Filter>Header Files\Magic</Filter>
    </ClInclude>
    <ClInclude Include="Blessing_Of_Kings.h">
      <Filter>Header Files\Magic</Filter>
    </ClInclude>
    <ClInclude Include="Blessing_Of_Wisdorn.h">
      <Filter>Header Files\Magic</Filter>
    </ClInclude>
    <ClInclude Include="Righteousness.h">
      <Filter>Header Files\Magic</Filter>
    </ClInclude>
    <ClInclude Include="Hammer_Of_Wrath.h">
      <Filter>Header Files</Filter>
    </ClInclude>
    <ClInclude Include="Blessed_Champion.h">
      <Filter>Header Files</Filter>
    </ClInclude>
    <ClInclude Include="Equality.h">
      <Filter>Header Files</Filter>
    </ClInclude>
    <ClInclude Include="Blessing_Of_Might.h">
      <Filter>Header Files</Filter>
    </ClInclude>
    <ClInclude Include="Lights_Justice.h">
      <Filter>Header Files</Filter>
    </ClInclude>
    <ClInclude Include="Truesilver_Champion.h">
      <Filter>Header Files</Filter>
    </ClInclude>
  </ItemGroup>
</Project>